
Microsoft Visual Studio Solution File, Format Version 12.00
# Visual Studio Version 17
VisualStudioVersion = 17.5.002.0
MinimumVisualStudioVersion = 10.0.40219.1
Project("{9A19103F-16F7-4668-BE54-9A1E7A4F7556}") = "LibrarySystem", "LibrarySystem.csproj", "{C29285B0-A748-4118-BBDD-108DE49A75FA}"
EndProject
Global
	GlobalSection(SolutionConfigurationPlatforms) = preSolution
		Debug|Any CPU = Debug|Any CPU
		Release|Any CPU = Release|Any CPU
	EndGlobalSection
	GlobalSection(ProjectConfigurationPlatforms) = postSolution
		{C29285B0-A748-4118-BBDD-108DE49A75FA}.Debug|Any CPU.ActiveCfg = Debug|Any CPU
		{C29285B0-A748-4118-BBDD-108DE49A75FA}.Debug|Any CPU.Build.0 = Debug|Any CPU
		{C29285B0-A748-4118-BBDD-108DE49A75FA}.Release|Any CPU.ActiveCfg = Release|Any CPU
		{C29285B0-A748-4118-BBDD-108DE49A75FA}.Release|Any CPU.Build.0 = Release|Any CPU
	EndGlobalSection
	GlobalSection(SolutionProperties) = preSolution
		HideSolutionNode = FALSE
	EndGlobalSection
	GlobalSection(ExtensibilityGlobals) = postSolution
		SolutionGuid = {8E4FF23E-EC33-42F8-BAD3-422F8220DD30}
	EndGlobalSection
EndGlobal
